
Microsoft Visual Studio Solution File, Format Version 12.00
# Visual Studio Version 17
VisualStudioVersion = 17.0.32112.339
MinimumVisualStudioVersion = 10.0.40219.1
Project("{9A19103F-16F7-4668-BE54-9A1E7A4F7556}") = "CLIzer", "src\CLIzer\CLIzer.csproj", "{6548FB73-27C7-4F4B-9581-B0395B813344}"
EndProject
Project("{9A19103F-16F7-4668-BE54-9A1E7A4F7556}") = "CLIzer.Tests", "tests\CLIzer.Tests\CLIzer.Tests.csproj", "{96EE9ED8-AC24-4B4F-9232-70684D61904E}"
EndProject
Project("{2150E333-8FDC-42A3-9474-1A3956D46DE8}") = "src", "src", "{F166207D-DDC1-49AD-9CB5-E708C4297DFC}"
EndProject
Project("{2150E333-8FDC-42A3-9474-1A3956D46DE8}") = "tests", "tests", "{BD3B4201-1A08-4B68-A0AE-655F50496DE1}"
EndProject
Project("{2150E333-8FDC-42A3-9474-1A3956D46DE8}") = "docs", "docs", "{9AAA6FF2-ABF8-424B-AFB5-403BB1FB7BA6}"
	ProjectSection(SolutionItems) = preProject
		src\CLIzer\LICENSE = src\CLIzer\LICENSE
	EndProjectSection
EndProject
Project("{FAE04EC0-301F-11D3-BF4B-00C04F79EFBC}") = "CLIzer.Mapper", "src\CLIzer.Mapper\CLIzer.Mapper.csproj", "{2B82DF7B-95AA-43E8-86FC-0AAFC7E59D7C}"
EndProject
Project("{FAE04EC0-301F-11D3-BF4B-00C04F79EFBC}") = "CLIzer.UserConfig", "src\CLIzer.UserConfig\CLIzer.UserConfig.csproj", "{CA659D2F-3F7F-4369-AE65-35004DA65F7B}"
EndProject
Project("{FAE04EC0-301F-11D3-BF4B-00C04F79EFBC}") = "CLIzer.Mapper.Tests", "tests\CLIzer.Mapper.Tests\CLIzer.Mapper.Tests.csproj", "{14D359B9-CEF1-41A9-AC17-D7B46BF2B150}"
EndProject
Project("{FAE04EC0-301F-11D3-BF4B-00C04F79EFBC}") = "CLIzer.UserConfig.Tests", "tests\CLIzer.UserConfig.Tests\CLIzer.UserConfig.Tests.csproj", "{CF446583-B2AC-4BD8-88FC-91A40DCE7FE9}"
EndProject
Global
	GlobalSection(SolutionConfigurationPlatforms) = preSolution
		Debug|Any CPU = Debug|Any CPU
		Release|Any CPU = Release|Any CPU
	EndGlobalSection
	GlobalSection(ProjectConfigurationPlatforms) = postSolution
		{6548FB73-27C7-4F4B-9581-B0395B813344}.Debug|Any CPU.ActiveCfg = Debug|Any CPU
		{6548FB73-27C7-4F4B-9581-B0395B813344}.Debug|Any CPU.Build.0 = Debug|Any CPU
		{6548FB73-27C7-4F4B-9581-B0395B813344}.Release|Any CPU.ActiveCfg = Release|Any CPU
		{6548FB73-27C7-4F4B-9581-B0395B813344}.Release|Any CPU.Build.0 = Release|Any CPU
		{96EE9ED8-AC24-4B4F-9232-70684D61904E}.Debug|Any CPU.ActiveCfg = Debug|Any CPU
		{96EE9ED8-AC24-4B4F-9232-70684D61904E}.Debug|Any CPU.Build.0 = Debug|Any CPU
		{96EE9ED8-AC24-4B4F-9232-70684D61904E}.Release|Any CPU.ActiveCfg = Release|Any CPU
		{96EE9ED8-AC24-4B4F-9232-70684D61904E}.Release|Any CPU.Build.0 = Release|Any CPU
		{2B82DF7B-95AA-43E8-86FC-0AAFC7E59D7C}.Debug|Any CPU.ActiveCfg = Debug|Any CPU
		{2B82DF7B-95AA-43E8-86FC-0AAFC7E59D7C}.Debug|Any CPU.Build.0 = Debug|Any CPU
		{2B82DF7B-95AA-43E8-86FC-0AAFC7E59D7C}.Release|Any CPU.ActiveCfg = Release|Any CPU
		{2B82DF7B-95AA-43E8-86FC-0AAFC7E59D7C}.Release|Any CPU.Build.0 = Release|Any CPU
		{CA659D2F-3F7F-4369-AE65-35004DA65F7B}.Debug|Any CPU.ActiveCfg = Debug|Any CPU
		{CA659D2F-3F7F-4369-AE65-35004DA65F7B}.Debug|Any CPU.Build.0 = Debug|Any CPU
		{CA659D2F-3F7F-4369-AE65-35004DA65F7B}.Release|Any CPU.ActiveCfg = Release|Any CPU
		{CA659D2F-3F7F-4369-AE65-35004DA65F7B}.Release|Any CPU.Build.0 = Release|Any CPU
		{14D359B9-CEF1-41A9-AC17-D7B46BF2B150}.Debug|Any CPU.ActiveCfg = Debug|Any CPU
		{14D359B9-CEF1-41A9-AC17-D7B46BF2B150}.Debug|Any CPU.Build.0 = Debug|Any CPU
		{14D359B9-CEF1-41A9-AC17-D7B46BF2B150}.Release|Any CPU.ActiveCfg = Release|Any CPU
		{14D359B9-CEF1-41A9-AC17-D7B46BF2B150}.Release|Any CPU.Build.0 = Release|Any CPU
		{CF446583-B2AC-4BD8-88FC-91A40DCE7FE9}.Debug|Any CPU.ActiveCfg = Debug|Any CPU
		{CF446583-B2AC-4BD8-88FC-91A40DCE7FE9}.Debug|Any CPU.Build.0 = Debug|Any CPU
		{CF446583-B2AC-4BD8-88FC-91A40DCE7FE9}.Release|Any CPU.ActiveCfg = Release|Any CPU
		{CF446583-B2AC-4BD8-88FC-91A40DCE7FE9}.Release|Any CPU.Build.0 = Release|Any CPU
	EndGlobalSection
	GlobalSection(SolutionProperties) = preSolution
		HideSolutionNode = FALSE
	EndGlobalSection
	GlobalSection(NestedProjects) = preSolution
		{6548FB73-27C7-4F4B-9581-B0395B813344} = {F166207D-DDC1-49AD-9CB5-E708C4297DFC}
		{96EE9ED8-AC24-4B4F-9232-70684D61904E} = {BD3B4201-1A08-4B68-A0AE-655F50496DE1}
		{2B82DF7B-95AA-43E8-86FC-0AAFC7E59D7C} = {F166207D-DDC1-49AD-9CB5-E708C4297DFC}
		{CA659D2F-3F7F-4369-AE65-35004DA65F7B} = {F166207D-DDC1-49AD-9CB5-E708C4297DFC}
		{14D359B9-CEF1-41A9-AC17-D7B46BF2B150} = {BD3B4201-1A08-4B68-A0AE-655F50496DE1}
		{CF446583-B2AC-4BD8-88FC-91A40DCE7FE9} = {BD3B4201-1A08-4B68-A0AE-655F50496DE1}
	EndGlobalSection
	GlobalSection(ExtensibilityGlobals) = postSolution
		SolutionGuid = {8697E305-D1B1-4CB6-AC84-26CEDBC559F1}
	EndGlobalSection
EndGlobal
