
Microsoft Visual Studio Solution File, Format Version 12.00
# Visual Studio Version 17
VisualStudioVersion = 17.0.32112.339
MinimumVisualStudioVersion = 10.0.40219.1
Project("{9A19103F-16F7-4668-BE54-9A1E7A4F7556}") = "CLIzer", "src\CLIzer\CLIzer.csproj", "{6548FB73-27C7-4F4B-9581-B0395B813344}"
EndProject
Project("{9A19103F-16F7-4668-BE54-9A1E7A4F7556}") = "CLIzer.Tests", "tests\CLIzer.Tests\CLIzer.Tests.csproj", "{96EE9ED8-AC24-4B4F-9232-70684D61904E}"
EndProject
Project("{2150E333-8FDC-42A3-9474-1A3956D46DE8}") = "src", "src", "{F166207D-DDC1-49AD-9CB5-E708C4297DFC}"
EndProject
Project("{2150E333-8FDC-42A3-9474-1A3956D46DE8}") = "tests", "tests", "{BD3B4201-1A08-4B68-A0AE-655F50496DE1}"
EndProject
Project("{2150E333-8FDC-42A3-9474-1A3956D46DE8}") = "docs", "docs", "{9AAA6FF2-ABF8-424B-AFB5-403BB1FB7BA6}"
	ProjectSection(SolutionItems) = preProject
		docs\arguments.md = docs\arguments.md
		docs\commands.md = docs\commands.md
		docs\configuration.md = docs\configuration.md
		docs\customconfigs.md = docs\customconfigs.md
		docs\custom_extensions.md = docs\custom_extensions.md
		docs\dependency_injection.md = docs\dependency_injection.md
		docs\help.md = docs\help.md
		docs\mapper.md = docs\mapper.md
		docs\middlewares.md = docs\middlewares.md
		README.md = README.md
		docs\utils.md = docs\utils.md
	EndProjectSection
EndProject
Global
	GlobalSection(SolutionConfigurationPlatforms) = preSolution
		Debug|Any CPU = Debug|Any CPU
		Release|Any CPU = Release|Any CPU
	EndGlobalSection
	GlobalSection(ProjectConfigurationPlatforms) = postSolution
		{6548FB73-27C7-4F4B-9581-B0395B813344}.Debug|Any CPU.ActiveCfg = Debug|Any CPU
		{6548FB73-27C7-4F4B-9581-B0395B813344}.Debug|Any CPU.Build.0 = Debug|Any CPU
		{6548FB73-27C7-4F4B-9581-B0395B813344}.Release|Any CPU.ActiveCfg = Release|Any CPU
		{6548FB73-27C7-4F4B-9581-B0395B813344}.Release|Any CPU.Build.0 = Release|Any CPU
		{96EE9ED8-AC24-4B4F-9232-70684D61904E}.Debug|Any CPU.ActiveCfg = Debug|Any CPU
		{96EE9ED8-AC24-4B4F-9232-70684D61904E}.Debug|Any CPU.Build.0 = Debug|Any CPU
		{96EE9ED8-AC24-4B4F-9232-70684D61904E}.Release|Any CPU.ActiveCfg = Release|Any CPU
		{96EE9ED8-AC24-4B4F-9232-70684D61904E}.Release|Any CPU.Build.0 = Release|Any CPU
	EndGlobalSection
	GlobalSection(SolutionProperties) = preSolution
		HideSolutionNode = FALSE
	EndGlobalSection
	GlobalSection(NestedProjects) = preSolution
		{6548FB73-27C7-4F4B-9581-B0395B813344} = {F166207D-DDC1-49AD-9CB5-E708C4297DFC}
		{96EE9ED8-AC24-4B4F-9232-70684D61904E} = {BD3B4201-1A08-4B68-A0AE-655F50496DE1}
	EndGlobalSection
	GlobalSection(ExtensibilityGlobals) = postSolution
		SolutionGuid = {8697E305-D1B1-4CB6-AC84-26CEDBC559F1}
	EndGlobalSection
EndGlobal
